// !$*UTF8*$!
{
	archiveVersion = 1;
	classes = {
	};
	objectVersion = 50;
	objects = {

/* Begin PBXBuildFile section */
		5A33A4AC25A9BDB70082CAAA /* AppDelegate.swift in Sources */ = {isa = PBXBuildFile; fileRef = 5A33A4AB25A9BDB70082CAAA /* AppDelegate.swift */; };
		5A33A4AE25A9BDB70082CAAA /* SceneDelegate.swift in Sources */ = {isa = PBXBuildFile; fileRef = 5A33A4AD25A9BDB70082CAAA /* SceneDelegate.swift */; };
		5A33A4B025A9BDB70082CAAA /* ViewController.swift in Sources */ = {isa = PBXBuildFile; fileRef = 5A33A4AF25A9BDB70082CAAA /* ViewController.swift */; };
		5A33A4B325A9BDB70082CAAA /* Main.storyboard in Resources */ = {isa = PBXBuildFile; fileRef = 5A33A4B125A9BDB70082CAAA /* Main.storyboard */; };
		5A33A4B525A9BDB90082CAAA /* Assets.xcassets in Resources */ = {isa = PBXBuildFile; fileRef = 5A33A4B425A9BDB90082CAAA /* Assets.xcassets */; };
		5A33A4B825A9BDB90082CAAA /* LaunchScreen.storyboard in Resources */ = {isa = PBXBuildFile; fileRef = 5A33A4B625A9BDB90082CAAA /* LaunchScreen.storyboard */; };
		5A33A4C325A9BDB90082CAAA /* Tip_CalculatorTests.swift in Sources */ = {isa = PBXBuildFile; fileRef = 5A33A4C225A9BDB90082CAAA /* Tip_CalculatorTests.swift */; };
		5A33A4CE25A9BDB90082CAAA /* Tip_CalculatorUITests.swift in Sources */ = {isa = PBXBuildFile; fileRef = 5A33A4CD25A9BDB90082CAAA /* Tip_CalculatorUITests.swift */; };
/* End PBXBuildFile section */

/* Begin PBXContainerItemProxy section */
		5A33A4BF25A9BDB90082CAAA /* PBXContainerItemProxy */ = {
			isa = PBXContainerItemProxy;
			containerPortal = 5A33A4A025A9BDB70082CAAA /* Project object */;
			proxyType = 1;
			remoteGlobalIDString = 5A33A4A725A9BDB70082CAAA;
			remoteInfo = "Tip Calculator";
		};
		5A33A4CA25A9BDB90082CAAA /* PBXContainerItemProxy */ = {
			isa = PBXContainerItemProxy;
			containerPortal = 5A33A4A025A9BDB70082CAAA /* Project object */;
			proxyType = 1;
			remoteGlobalIDString = 5A33A4A725A9BDB70082CAAA;
			remoteInfo = "Tip Calculator";
		};
/* End PBXContainerItemProxy section */

/* Begin PBXFileReference section */
		5A33A4A825A9BDB70082CAAA /* Tip Calculator.app */ = {isa = PBXFileReference; explicitFileType = wrapper.application; includeInIndex = 0; path = "Tip Calculator.app"; sourceTree = BUILT_PRODUCTS_DIR; };
		5A33A4AB25A9BDB70082CAAA /* AppDelegate.swift */ = {isa = PBXFileReference; lastKnownFileType = sourcecode.swift; path = AppDelegate.swift; sourceTree = "<group>"; };
		5A33A4AD25A9BDB70082CAAA /* SceneDelegate.swift */ = {isa = PBXFileReference; lastKnownFileType = sourcecode.swift; path = SceneDelegate.swift; sourceTree = "<group>"; };
		5A33A4AF25A9BDB70082CAAA /* ViewController.swift */ = {isa = PBXFileReference; lastKnownFileType = sourcecode.swift; path = ViewController.swift; sourceTree = "<group>"; };
		5A33A4B225A9BDB70082CAAA /* Base */ = {isa = PBXFileReference; lastKnownFileType = file.storyboard; name = Base; path = Base.lproj/Main.storyboard; sourceTree = "<group>"; };
		5A33A4B425A9BDB90082CAAA /* Assets.xcassets */ = {isa = PBXFileReference; lastKnownFileType = folder.assetcatalog; path = Assets.xcassets; sourceTree = "<group>"; };
		5A33A4B725A9BDB90082CAAA /* Base */ = {isa = PBXFileReference; lastKnownFileType = file.storyboard; name = Base; path = Base.lproj/LaunchScreen.storyboard; sourceTree = "<group>"; };
		5A33A4B925A9BDB90082CAAA /* Info.plist */ = {isa = PBXFileReference; lastKnownFileType = text.plist.xml; path = Info.plist; sourceTree = "<group>"; };
		5A33A4BE25A9BDB90082CAAA /* Tip CalculatorTests.xctest */ = {isa = PBXFileReference; explicitFileType = wrapper.cfbundle; includeInIndex = 0; path = "Tip CalculatorTests.xctest"; sourceTree = BUILT_PRODUCTS_DIR; };
		5A33A4C225A9BDB90082CAAA /* Tip_CalculatorTests.swift */ = {isa = PBXFileReference; lastKnownFileType = sourcecode.swift; path = Tip_CalculatorTests.swift; sourceTree = "<group>"; };
		5A33A4C425A9BDB90082CAAA /* Info.plist */ = {isa = PBXFileReference; lastKnownFileType = text.plist.xml; path = Info.plist; sourceTree = "<group>"; };
		5A33A4C925A9BDB90082CAAA /* Tip CalculatorUITests.xctest */ = {isa = PBXFileReference; explicitFileType = wrapper.cfbundle; includeInIndex = 0; path = "Tip CalculatorUITests.xctest"; sourceTree = BUILT_PRODUCTS_DIR; };
		5A33A4CD25A9BDB90082CAAA /* Tip_CalculatorUITests.swift */ = {isa = PBXFileReference; lastKnownFileType = sourcecode.swift; path = Tip_CalculatorUITests.swift; sourceTree = "<group>"; };
		5A33A4CF25A9BDB90082CAAA /* Info.plist */ = {isa = PBXFileReference; lastKnownFileType = text.plist.xml; path = Info.plist; sourceTree = "<group>"; };
/* End PBXFileReference section */

/* Begin PBXFrameworksBuildPhase section */
		5A33A4A525A9BDB70082CAAA /* Frameworks */ = {
			isa = PBXFrameworksBuildPhase;
			buildActionMask = 2147483647;
			files = (
			);
			runOnlyForDeploymentPostprocessing = 0;
		};
		5A33A4BB25A9BDB90082CAAA /* Frameworks */ = {
			isa = PBXFrameworksBuildPhase;
			buildActionMask = 2147483647;
			files = (
			);
			runOnlyForDeploymentPostprocessing = 0;
		};
		5A33A4C625A9BDB90082CAAA /* Frameworks */ = {
			isa = PBXFrameworksBuildPhase;
			buildActionMask = 2147483647;
			files = (
			);
			runOnlyForDeploymentPostprocessing = 0;
		};
/* End PBXFrameworksBuildPhase section */

/* Begin PBXGroup section */
		5A33A49F25A9BDB70082CAAA = {
			isa = PBXGroup;
			children = (
				5A33A4AA25A9BDB70082CAAA /* Tip Calculator */,
				5A33A4C125A9BDB90082CAAA /* Tip CalculatorTests */,
				5A33A4CC25A9BDB90082CAAA /* Tip CalculatorUITests */,
				5A33A4A925A9BDB70082CAAA /* Products */,
			);
			sourceTree = "<group>";
		};
		5A33A4A925A9BDB70082CAAA /* Products */ = {
			isa = PBXGroup;
			children = (
				5A33A4A825A9BDB70082CAAA /* Tip Calculator.app */,
				5A33A4BE25A9BDB90082CAAA /* Tip CalculatorTests.xctest */,
				5A33A4C925A9BDB90082CAAA /* Tip CalculatorUITests.xctest */,
			);
			name = Products;
			sourceTree = "<group>";
		};
		5A33A4AA25A9BDB70082CAAA /* Tip Calculator */ = {
			isa = PBXGroup;
			children = (
				5A33A4AB25A9BDB70082CAAA /* AppDelegate.swift */,
				5A33A4AD25A9BDB70082CAAA /* SceneDelegate.swift */,
				5A33A4AF25A9BDB70082CAAA /* ViewController.swift */,
				5A33A4B125A9BDB70082CAAA /* Main.storyboard */,
				5A33A4B425A9BDB90082CAAA /* Assets.xcassets */,
				5A33A4B625A9BDB90082CAAA /* LaunchScreen.storyboard */,
				5A33A4B925A9BDB90082CAAA /* Info.plist */,
			);
			path = "Tip Calculator";
			sourceTree = "<group>";
		};
		5A33A4C125A9BDB90082CAAA /* Tip CalculatorTests */ = {
			isa = PBXGroup;
			children = (
				5A33A4C225A9BDB90082CAAA /* Tip_CalculatorTests.swift */,
				5A33A4C425A9BDB90082CAAA /* Info.plist */,
			);
			path = "Tip CalculatorTests";
			sourceTree = "<group>";
		};
		5A33A4CC25A9BDB90082CAAA /* Tip CalculatorUITests */ = {
			isa = PBXGroup;
			children = (
				5A33A4CD25A9BDB90082CAAA /* Tip_CalculatorUITests.swift */,
				5A33A4CF25A9BDB90082CAAA /* Info.plist */,
			);
			path = "Tip CalculatorUITests";
			sourceTree = "<group>";
		};
/* End PBXGroup section */

/* Begin PBXNativeTarget section */
		5A33A4A725A9BDB70082CAAA /* Tip Calculator */ = {
			isa = PBXNativeTarget;
			buildConfigurationList = 5A33A4D225A9BDB90082CAAA /* Build configuration list for PBXNativeTarget "Tip Calculator" */;
			buildPhases = (
				5A33A4A425A9BDB70082CAAA /* Sources */,
				5A33A4A525A9BDB70082CAAA /* Frameworks */,
				5A33A4A625A9BDB70082CAAA /* Resources */,
			);
			buildRules = (
			);
			dependencies = (
			);
			name = "Tip Calculator";
			productName = "Tip Calculator";
			productReference = 5A33A4A825A9BDB70082CAAA /* Tip Calculator.app */;
			productType = "com.apple.product-type.application";
		};
		5A33A4BD25A9BDB90082CAAA /* Tip CalculatorTests */ = {
			isa = PBXNativeTarget;
			buildConfigurationList = 5A33A4D525A9BDB90082CAAA /* Build configuration list for PBXNativeTarget "Tip CalculatorTests" */;
			buildPhases = (
				5A33A4BA25A9BDB90082CAAA /* Sources */,
				5A33A4BB25A9BDB90082CAAA /* Frameworks */,
				5A33A4BC25A9BDB90082CAAA /* Resources */,
			);
			buildRules = (
			);
			dependencies = (
				5A33A4C025A9BDB90082CAAA /* PBXTargetDependency */,
			);
			name = "Tip CalculatorTests";
			productName = "Tip CalculatorTests";
			productReference = 5A33A4BE25A9BDB90082CAAA /* Tip CalculatorTests.xctest */;
			productType = "com.apple.product-type.bundle.unit-test";
		};
		5A33A4C825A9BDB90082CAAA /* Tip CalculatorUITests */ = {
			isa = PBXNativeTarget;
			buildConfigurationList = 5A33A4D825A9BDB90082CAAA /* Build configuration list for PBXNativeTarget "Tip CalculatorUITests" */;
			buildPhases = (
				5A33A4C525A9BDB90082CAAA /* Sources */,
				5A33A4C625A9BDB90082CAAA /* Frameworks */,
				5A33A4C725A9BDB90082CAAA /* Resources */,
			);
			buildRules = (
			);
			dependencies = (
				5A33A4CB25A9BDB90082CAAA /* PBXTargetDependency */,
			);
			name = "Tip CalculatorUITests";
			productName = "Tip CalculatorUITests";
			productReference = 5A33A4C925A9BDB90082CAAA /* Tip CalculatorUITests.xctest */;
			productType = "com.apple.product-type.bundle.ui-testing";
		};
/* End PBXNativeTarget section */

/* Begin PBXProject section */
		5A33A4A025A9BDB70082CAAA /* Project object */ = {
			isa = PBXProject;
			attributes = {
				LastSwiftUpdateCheck = 1220;
				LastUpgradeCheck = 1220;
				TargetAttributes = {
					5A33A4A725A9BDB70082CAAA = {
						CreatedOnToolsVersion = 12.2;
					};
					5A33A4BD25A9BDB90082CAAA = {
						CreatedOnToolsVersion = 12.2;
						TestTargetID = 5A33A4A725A9BDB70082CAAA;
					};
					5A33A4C825A9BDB90082CAAA = {
						CreatedOnToolsVersion = 12.2;
						TestTargetID = 5A33A4A725A9BDB70082CAAA;
					};
				};
			};
			buildConfigurationList = 5A33A4A325A9BDB70082CAAA /* Build configuration list for PBXProject "Tip Calculator" */;
			compatibilityVersion = "Xcode 9.3";
			developmentRegion = en;
			hasScannedForEncodings = 0;
			knownRegions = (
				en,
				Base,
			);
			mainGroup = 5A33A49F25A9BDB70082CAAA;
			productRefGroup = 5A33A4A925A9BDB70082CAAA /* Products */;
			projectDirPath = "";
			projectRoot = "";
			targets = (
				5A33A4A725A9BDB70082CAAA /* Tip Calculator */,
				5A33A4BD25A9BDB90082CAAA /* Tip CalculatorTests */,
				5A33A4C825A9BDB90082CAAA /* Tip CalculatorUITests */,
			);
		};
/* End PBXProject section */

/* Begin PBXResourcesBuildPhase section */
		5A33A4A625A9BDB70082CAAA /* Resources */ = {
			isa = PBXResourcesBuildPhase;
			buildActionMask = 2147483647;
			files = (
				5A33A4B825A9BDB90082CAAA /* LaunchScreen.storyboard in Resources */,
				5A33A4B525A9BDB90082CAAA /* Assets.xcassets in Resources */,
				5A33A4B325A9BDB70082CAAA /* Main.storyboard in Resources */,
			);
			runOnlyForDeploymentPostprocessing = 0;
		};
		5A33A4BC25A9BDB90082CAAA /* Resources */ = {
			isa = PBXResourcesBuildPhase;
			buildActionMask = 2147483647;
			files = (
			);
			runOnlyForDeploymentPostprocessing = 0;
		};
		5A33A4C725A9BDB90082CAAA /* Resources */ = {
			isa = PBXResourcesBuildPhase;
			buildActionMask = 2147483647;
			files = (
			);
			runOnlyForDeploymentPostprocessing = 0;
		};
/* End PBXResourcesBuildPhase section */

/* Begin PBXSourcesBuildPhase section */
		5A33A4A425A9BDB70082CAAA /* Sources */ = {
			isa = PBXSourcesBuildPhase;
			buildActionMask = 2147483647;
			files = (
				5A33A4B025A9BDB70082CAAA /* ViewController.swift in Sources */,
				5A33A4AC25A9BDB70082CAAA /* AppDelegate.swift in Sources */,
				5A33A4AE25A9BDB70082CAAA /* SceneDelegate.swift in Sources */,
			);
			runOnlyForDeploymentPostprocessing = 0;
		};
		5A33A4BA25A9BDB90082CAAA /* Sources */ = {
			isa = PBXSourcesBuildPhase;
			buildActionMask = 2147483647;
			files = (
				5A33A4C325A9BDB90082CAAA /* Tip_CalculatorTests.swift in Sources */,
			);
			runOnlyForDeploymentPostprocessing = 0;
		};
		5A33A4C525A9BDB90082CAAA /* Sources */ = {
			isa = PBXSourcesBuildPhase;
			buildActionMask = 2147483647;
			files = (
				5A33A4CE25A9BDB90082CAAA /* Tip_CalculatorUITests.swift in Sources */,
			);
			runOnlyForDeploymentPostprocessing = 0;
		};
/* End PBXSourcesBuildPhase section */

/* Begin PBXTargetDependency section */
		5A33A4C025A9BDB90082CAAA /* PBXTargetDependency */ = {
			isa = PBXTargetDependency;
			target = 5A33A4A725A9BDB70082CAAA /* Tip Calculator */;
			targetProxy = 5A33A4BF25A9BDB90082CAAA /* PBXContainerItemProxy */;
		};
		5A33A4CB25A9BDB90082CAAA /* PBXTargetDependency */ = {
			isa = PBXTargetDependency;
			target = 5A33A4A725A9BDB70082CAAA /* Tip Calculator */;
			targetProxy = 5A33A4CA25A9BDB90082CAAA /* PBXContainerItemProxy */;
		};
/* End PBXTargetDependency section */

/* Begin PBXVariantGroup section */
		5A33A4B125A9BDB70082CAAA /* Main.storyboard */ = {
			isa = PBXVariantGroup;
			children = (
				5A33A4B225A9BDB70082CAAA /* Base */,
			);
			name = Main.storyboard;
			sourceTree = "<group>";
		};
		5A33A4B625A9BDB90082CAAA /* LaunchScreen.storyboard */ = {
			isa = PBXVariantGroup;
			children = (
				5A33A4B725A9BDB90082CAAA /* Base */,
			);
			name = LaunchScreen.storyboard;
			sourceTree = "<group>";
		};
/* End PBXVariantGroup section */

/* Begin XCBuildConfiguration section */
		5A33A4D025A9BDB90082CAAA /* Debug */ = {
			isa = XCBuildConfiguration;
			buildSettings = {
				ALWAYS_SEARCH_USER_PATHS = NO;
				CLANG_ANALYZER_NONNULL = YES;
				CLANG_ANALYZER_NUMBER_OBJECT_CONVERSION = YES_AGGRESSIVE;
				CLANG_CXX_LANGUAGE_STANDARD = "gnu++14";
				CLANG_CXX_LIBRARY = "libc++";
				CLANG_ENABLE_MODULES = YES;
				CLANG_ENABLE_OBJC_ARC = YES;
				CLANG_ENABLE_OBJC_WEAK = YES;
				CLANG_WARN_BLOCK_CAPTURE_AUTORELEASING = YES;
				CLANG_WARN_BOOL_CONVERSION = YES;
				CLANG_WARN_COMMA = YES;
				CLANG_WARN_CONSTANT_CONVERSION = YES;
				CLANG_WARN_DEPRECATED_OBJC_IMPLEMENTATIONS = YES;
				CLANG_WARN_DIRECT_OBJC_ISA_USAGE = YES_ERROR;
				CLANG_WARN_DOCUMENTATION_COMMENTS = YES;
				CLANG_WARN_EMPTY_BODY = YES;
				CLANG_WARN_ENUM_CONVERSION = YES;
				CLANG_WARN_INFINITE_RECURSION = YES;
				CLANG_WARN_INT_CONVERSION = YES;
				CLANG_WARN_NON_LITERAL_NULL_CONVERSION = YES;
				CLANG_WARN_OBJC_IMPLICIT_RETAIN_SELF = YES;
				CLANG_WARN_OBJC_LITERAL_CONVERSION = YES;
				CLANG_WARN_OBJC_ROOT_CLASS = YES_ERROR;
				CLANG_WARN_QUOTED_INCLUDE_IN_FRAMEWORK_HEADER = YES;
				CLANG_WARN_RANGE_LOOP_ANALYSIS = YES;
				CLANG_WARN_STRICT_PROTOTYPES = YES;
				CLANG_WARN_SUSPICIOUS_MOVE = YES;
				CLANG_WARN_UNGUARDED_AVAILABILITY = YES_AGGRESSIVE;
				CLANG_WARN_UNREACHABLE_CODE = YES;
				CLANG_WARN__DUPLICATE_METHOD_MATCH = YES;
				COPY_PHASE_STRIP = NO;
				DEBUG_INFORMATION_FORMAT = dwarf;
				ENABLE_STRICT_OBJC_MSGSEND = YES;
				ENABLE_TESTABILITY = YES;
				GCC_C_LANGUAGE_STANDARD = gnu11;
				GCC_DYNAMIC_NO_PIC = NO;
				GCC_NO_COMMON_BLOCKS = YES;
				GCC_OPTIMIZATION_LEVEL = 0;
				GCC_PREPROCESSOR_DEFINITIONS = (
					"DEBUG=1",
					"$(inherited)",
				);
				GCC_WARN_64_TO_32_BIT_CONVERSION = YES;
				GCC_WARN_ABOUT_RETURN_TYPE = YES_ERROR;
				GCC_WARN_UNDECLARED_SELECTOR = YES;
				GCC_WARN_UNINITIALIZED_AUTOS = YES_AGGRESSIVE;
				GCC_WARN_UNUSED_FUNCTION = YES;
				GCC_WARN_UNUSED_VARIABLE = YES;
				IPHONEOS_DEPLOYMENT_TARGET = 14.2;
				MTL_ENABLE_DEBUG_INFO = INCLUDE_SOURCE;
				MTL_FAST_MATH = YES;
				ONLY_ACTIVE_ARCH = YES;
				SDKROOT = iphoneos;
				SWIFT_ACTIVE_COMPILATION_CONDITIONS = DEBUG;
				SWIFT_OPTIMIZATION_LEVEL = "-Onone";
			};
			name = Debug;
		};
		5A33A4D125A9BDB90082CAAA /* Release */ = {
			isa = XCBuildConfiguration;
			buildSettings = {
				ALWAYS_SEARCH_USER_PATHS = NO;
				CLANG_ANALYZER_NONNULL = YES;
				CLANG_ANALYZER_NUMBER_OBJECT_CONVERSION = YES_AGGRESSIVE;
				CLANG_CXX_LANGUAGE_STANDARD = "gnu++14";
				CLANG_CXX_LIBRARY = "libc++";
				CLANG_ENABLE_MODULES = YES;
				CLANG_ENABLE_OBJC_ARC = YES;
				CLANG_ENABLE_OBJC_WEAK = YES;
				CLANG_WARN_BLOCK_CAPTURE_AUTORELEASING = YES;
				CLANG_WARN_BOOL_CONVERSION = YES;
				CLANG_WARN_COMMA = YES;
				CLANG_WARN_CONSTANT_CONVERSION = YES;
				CLANG_WARN_DEPRECATED_OBJC_IMPLEMENTATIONS = YES;
				CLANG_WARN_DIRECT_OBJC_ISA_USAGE = YES_ERROR;
				CLANG_WARN_DOCUMENTATION_COMMENTS = YES;
				CLANG_WARN_EMPTY_BODY = YES;
				CLANG_WARN_ENUM_CONVERSION = YES;
				CLANG_WARN_INFINITE_RECURSION = YES;
				CLANG_WARN_INT_CONVERSION = YES;
				CLANG_WARN_NON_LITERAL_NULL_CONVERSION = YES;
				CLANG_WARN_OBJC_IMPLICIT_RETAIN_SELF = YES;
				CLANG_WARN_OBJC_LITERAL_CONVERSION = YES;
				CLANG_WARN_OBJC_ROOT_CLASS = YES_ERROR;
				CLANG_WARN_QUOTED_INCLUDE_IN_FRAMEWORK_HEADER = YES;
				CLANG_WARN_RANGE_LOOP_ANALYSIS = YES;
				CLANG_WARN_STRICT_PROTOTYPES = YES;
				CLANG_WARN_SUSPICIOUS_MOVE = YES;
				CLANG_WARN_UNGUARDED_AVAILABILITY = YES_AGGRESSIVE;
				CLANG_WARN_UNREACHABLE_CODE = YES;
				CLANG_WARN__DUPLICATE_METHOD_MATCH = YES;
				COPY_PHASE_STRIP = NO;
				DEBUG_INFORMATION_FORMAT = "dwarf-with-dsym";
				ENABLE_NS_ASSERTIONS = NO;
				ENABLE_STRICT_OBJC_MSGSEND = YES;
				GCC_C_LANGUAGE_STANDARD = gnu11;
				GCC_NO_COMMON_BLOCKS = YES;
				GCC_WARN_64_TO_32_BIT_CONVERSION = YES;
				GCC_WARN_ABOUT_RETURN_TYPE = YES_ERROR;
				GCC_WARN_UNDECLARED_SELECTOR = YES;
				GCC_WARN_UNINITIALIZED_AUTOS = YES_AGGRESSIVE;
				GCC_WARN_UNUSED_FUNCTION = YES;
				GCC_WARN_UNUSED_VARIABLE = YES;
				IPHONEOS_DEPLOYMENT_TARGET = 14.2;
				MTL_ENABLE_DEBUG_INFO = NO;
				MTL_FAST_MATH = YES;
				SDKROOT = iphoneos;
				SWIFT_COMPILATION_MODE = wholemodule;
				SWIFT_OPTIMIZATION_LEVEL = "-O";
				VALIDATE_PRODUCT = YES;
			};
			name = Release;
		};
		5A33A4D325A9BDB90082CAAA /* Debug */ = {
			isa = XCBuildConfiguration;
			buildSettings = {
				ASSETCATALOG_COMPILER_APPICON_NAME = AppIcon;
				ASSETCATALOG_COMPILER_GLOBAL_ACCENT_COLOR_NAME = AccentColor;
				CODE_SIGN_STYLE = Automatic;
				DEVELOPMENT_TEAM = 6CN3C53JBQ;
				INFOPLIST_FILE = "Tip Calculator/Info.plist";
				LD_RUNPATH_SEARCH_PATHS = (
					"$(inherited)",
					"@executable_path/Frameworks",
				);
				PRODUCT_BUNDLE_IDENTIFIER = "ugurcandemir.Tip-Calculator";
				PRODUCT_NAME = "$(TARGET_NAME)";
				SWIFT_VERSION = 5.0;
				TARGETED_DEVICE_FAMILY = "1,2";
			};
			name = Debug;
		};
		5A33A4D425A9BDB90082CAAA /* Release */ = {
			isa = XCBuildConfiguration;
			buildSettings = {
				ASSETCATALOG_COMPILER_APPICON_NAME = AppIcon;
				ASSETCATALOG_COMPILER_GLOBAL_ACCENT_COLOR_NAME = AccentColor;
				CODE_SIGN_STYLE = Automatic;
				DEVELOPMENT_TEAM = 6CN3C53JBQ;
				INFOPLIST_FILE = "Tip Calculator/Info.plist";
				LD_RUNPATH_SEARCH_PATHS = (
					"$(inherited)",
					"@executable_path/Frameworks",
				);
				PRODUCT_BUNDLE_IDENTIFIER = "ugurcandemir.Tip-Calculator";
				PRODUCT_NAME = "$(TARGET_NAME)";
				SWIFT_VERSION = 5.0;
				TARGETED_DEVICE_FAMILY = "1,2";
			};
			name = Release;
		};
		5A33A4D625A9BDB90082CAAA /* Debug */ = {
			isa = XCBuildConfiguration;
			buildSettings = {
				ALWAYS_EMBED_SWIFT_STANDARD_LIBRARIES = YES;
				BUNDLE_LOADER = "$(TEST_HOST)";
				CODE_SIGN_STYLE = Automatic;
				DEVELOPMENT_TEAM = 6CN3C53JBQ;
				INFOPLIST_FILE = "Tip CalculatorTests/Info.plist";
				IPHONEOS_DEPLOYMENT_TARGET = 14.2;
				LD_RUNPATH_SEARCH_PATHS = (
					"$(inherited)",
					"@executable_path/Frameworks",
					"@loader_path/Frameworks",
				);
				PRODUCT_BUNDLE_IDENTIFIER = "ugurcandemir.Tip-CalculatorTests";
				PRODUCT_NAME = "$(TARGET_NAME)";
				SWIFT_VERSION = 5.0;
				TARGETED_DEVICE_FAMILY = "1,2";
				TEST_HOST = "$(BUILT_PRODUCTS_DIR)/Tip Calculator.app/Tip Calculator";
			};
			name = Debug;
		};
		5A33A4D725A9BDB90082CAAA /* Release */ = {
			isa = XCBuildConfiguration;
			buildSettings = {
				ALWAYS_EMBED_SWIFT_STANDARD_LIBRARIES = YES;
				BUNDLE_LOADER = "$(TEST_HOST)";
				CODE_SIGN_STYLE = Automatic;
				DEVELOPMENT_TEAM = 6CN3C53JBQ;
				INFOPLIST_FILE = "Tip CalculatorTests/Info.plist";
				IPHONEOS_DEPLOYMENT_TARGET = 14.2;
				LD_RUNPATH_SEARCH_PATHS = (
					"$(inherited)",
					"@executable_path/Frameworks",
					"@loader_path/Frameworks",
				);
				PRODUCT_BUNDLE_IDENTIFIER = "ugurcandemir.Tip-CalculatorTests";
				PRODUCT_NAME = "$(TARGET_NAME)";
				SWIFT_VERSION = 5.0;
				TARGETED_DEVICE_FAMILY = "1,2";
				TEST_HOST = "$(BUILT_PRODUCTS_DIR)/Tip Calculator.app/Tip Calculator";
			};
			name = Release;
		};
		5A33A4D925A9BDB90082CAAA /* Debug */ = {
			isa = XCBuildConfiguration;
			buildSettings = {
				ALWAYS_EMBED_SWIFT_STANDARD_LIBRARIES = YES;
				CODE_SIGN_STYLE = Automatic;
				DEVELOPMENT_TEAM = 6CN3C53JBQ;
				INFOPLIST_FILE = "Tip CalculatorUITests/Info.plist";
				LD_RUNPATH_SEARCH_PATHS = (
					"$(inherited)",
					"@executable_path/Frameworks",
					"@loader_path/Frameworks",
				);
				PRODUCT_BUNDLE_IDENTIFIER = "ugurcandemir.Tip-CalculatorUITests";
				PRODUCT_NAME = "$(TARGET_NAME)";
				SWIFT_VERSION = 5.0;
				TARGETED_DEVICE_FAMILY = "1,2";
				TEST_TARGET_NAME = "Tip Calculator";
			};
			name = Debug;
		};
		5A33A4DA25A9BDB90082CAAA /* Release */ = {
			isa = XCBuildConfiguration;
			buildSettings = {
				ALWAYS_EMBED_SWIFT_STANDARD_LIBRARIES = YES;
				CODE_SIGN_STYLE = Automatic;
				DEVELOPMENT_TEAM = 6CN3C53JBQ;
				INFOPLIST_FILE = "Tip CalculatorUITests/Info.plist";
				LD_RUNPATH_SEARCH_PATHS = (
					"$(inherited)",
					"@executable_path/Frameworks",
					"@loader_path/Frameworks",
				);
				PRODUCT_BUNDLE_IDENTIFIER = "ugurcandemir.Tip-CalculatorUITests";
				PRODUCT_NAME = "$(TARGET_NAME)";
				SWIFT_VERSION = 5.0;
				TARGETED_DEVICE_FAMILY = "1,2";
				TEST_TARGET_NAME = "Tip Calculator";
			};
			name = Release;
		};
/* End XCBuildConfiguration section */

/* Begin XCConfigurationList section */
		5A33A4A325A9BDB70082CAAA /* Build configuration list for PBXProject "Tip Calculator" */ = {
			isa = XCConfigurationList;
			buildConfigurations = (
				5A33A4D025A9BDB90082CAAA /* Debug */,
				5A33A4D125A9BDB90082CAAA /* Release */,
			);
			defaultConfigurationIsVisible = 0;
			defaultConfigurationName = Release;
		};
		5A33A4D225A9BDB90082CAAA /* Build configuration list for PBXNativeTarget "Tip Calculator" */ = {
			isa = XCConfigurationList;
			buildConfigurations = (
				5A33A4D325A9BDB90082CAAA /* Debug */,
				5A33A4D425A9BDB90082CAAA /* Release */,
			);
			defaultConfigurationIsVisible = 0;
			defaultConfigurationName = Release;
		};
		5A33A4D525A9BDB90082CAAA /* Build configuration list for PBXNativeTarget "Tip CalculatorTests" */ = {
			isa = XCConfigurationList;
			buildConfigurations = (
				5A33A4D625A9BDB90082CAAA /* Debug */,
				5A33A4D725A9BDB90082CAAA /* Release */,
			);
			defaultConfigurationIsVisible = 0;
			defaultConfigurationName = Release;
		};
		5A33A4D825A9BDB90082CAAA /* Build configuration list for PBXNativeTarget "Tip CalculatorUITests" */ = {
			isa = XCConfigurationList;
			buildConfigurations = (
				5A33A4D925A9BDB90082CAAA /* Debug */,
				5A33A4DA25A9BDB90082CAAA /* Release */,
			);
			defaultConfigurationIsVisible = 0;
			defaultConfigurationName = Release;
		};
/* End XCConfigurationList section */
	};
	rootObject = 5A33A4A025A9BDB70082CAAA /* Project object */;
}
